{
  "name": "tech-dive",
  "lockfileVersion": 3,
  "requires": true,
  "packages": {},
  "scripts": {
    "build": "cd client && npm run build",
    "pre-build" : "concurrently \"cd api && npm run watch\" \"cd client && npm run dev\"",
    "install": "cd api && npm i && cd ../client && npm i --production=false",
    "render-build": "npm install && npm run build",
    "start": "node ./bin/www"
  }
}
