{
  "name": "tech-dive",
  "version": "1.0.0",
  "lockfileVersion": 3,
  "requires": true,
  "main": "./api/bin/www",
  "packages": {
    "": {
      "name": "tech-dive",
      "version": "1.0.0",
      "license": "ISC"
    }
  },
  "scripts": {
    "build": "cd client && npm i && npm run build",
    "develop": "concurrently \"cd api && npm run watch\" \"cd client && npm run dev\"",
    "install": "cd api && npm i && cd ../client && npm i --production=false",
    "render-build": "npm install && npm run build",
    "start": "node ./api/bin/www"
  }
}
