{
  "name": "tech-dive",
  "lockfileVersion": 3,
  "requires": true,
  "packages": {},
  "main": "./api/bin/www",
  "scripts": {
    "start": "node ./api/bin/www",
    "develop": "concurrently \"cd api && npm run watch\" \"cd client && npm run dev\"",
    "install": "cd api && npm i && cd ../client && npm i --production=false",
    "build": "cd client && npm run build",
    "render-build":"npm install && npm run build"
  }
}